// !$*UTF8*$!
{
	archiveVersion = 1;
	classes = {
	};
	objectVersion = 46;
	objects = {

/* Begin PBXBuildFile section */
		68AA24531FFBF10A0009B001 /* AppDelegate.swift in Sources */ = {isa = PBXBuildFile; fileRef = 68AA24521FFBF10A0009B001 /* AppDelegate.swift */; };
		68AA24581FFBF10A0009B001 /* Main.storyboard in Resources */ = {isa = PBXBuildFile; fileRef = 68AA24561FFBF10A0009B001 /* Main.storyboard */; };
		68AA245A1FFBF10A0009B001 /* Assets.xcassets in Resources */ = {isa = PBXBuildFile; fileRef = 68AA24591FFBF10A0009B001 /* Assets.xcassets */; };
		68AA245D1FFBF10A0009B001 /* LaunchScreen.storyboard in Resources */ = {isa = PBXBuildFile; fileRef = 68AA245B1FFBF10A0009B001 /* LaunchScreen.storyboard */; };
		68AA24681FFBF10A0009B001 /* katydidIDTests.swift in Sources */ = {isa = PBXBuildFile; fileRef = 68AA24671FFBF10A0009B001 /* katydidIDTests.swift */; };
		68AA24731FFBF1950009B001 /* AttributeTableViewCell.swift in Sources */ = {isa = PBXBuildFile; fileRef = 68AA24721FFBF1950009B001 /* AttributeTableViewCell.swift */; };
		68AA24751FFC01950009B001 /* AttributeTableViewController.swift in Sources */ = {isa = PBXBuildFile; fileRef = 68AA24741FFC01950009B001 /* AttributeTableViewController.swift */; };
		68AA24771FFC02550009B001 /* Attribute.swift in Sources */ = {isa = PBXBuildFile; fileRef = 68AA24761FFC02540009B001 /* Attribute.swift */; };
		68F3944A1FFC8002005675CE /* resultsViewController.swift in Sources */ = {isa = PBXBuildFile; fileRef = 68F394491FFC8002005675CE /* resultsViewController.swift */; };
/* End PBXBuildFile section */

/* Begin PBXContainerItemProxy section */
		68AA24641FFBF10A0009B001 /* PBXContainerItemProxy */ = {
			isa = PBXContainerItemProxy;
			containerPortal = 68AA24471FFBF10A0009B001 /* Project object */;
			proxyType = 1;
			remoteGlobalIDString = 68AA244E1FFBF10A0009B001;
			remoteInfo = katydidID;
		};
/* End PBXContainerItemProxy section */

/* Begin PBXFileReference section */
		68AA244F1FFBF10A0009B001 /* katydidID.app */ = {isa = PBXFileReference; explicitFileType = wrapper.application; includeInIndex = 0; path = katydidID.app; sourceTree = BUILT_PRODUCTS_DIR; };
		68AA24521FFBF10A0009B001 /* AppDelegate.swift */ = {isa = PBXFileReference; lastKnownFileType = sourcecode.swift; path = AppDelegate.swift; sourceTree = "<group>"; };
		68AA24571FFBF10A0009B001 /* Base */ = {isa = PBXFileReference; lastKnownFileType = file.storyboard; name = Base; path = Base.lproj/Main.storyboard; sourceTree = "<group>"; };
		68AA24591FFBF10A0009B001 /* Assets.xcassets */ = {isa = PBXFileReference; lastKnownFileType = folder.assetcatalog; path = Assets.xcassets; sourceTree = "<group>"; };
		68AA245C1FFBF10A0009B001 /* Base */ = {isa = PBXFileReference; lastKnownFileType = file.storyboard; name = Base; path = Base.lproj/LaunchScreen.storyboard; sourceTree = "<group>"; };
		68AA245E1FFBF10A0009B001 /* Info.plist */ = {isa = PBXFileReference; lastKnownFileType = text.plist.xml; path = Info.plist; sourceTree = "<group>"; };
		68AA24631FFBF10A0009B001 /* katydidIDTests.xctest */ = {isa = PBXFileReference; explicitFileType = wrapper.cfbundle; includeInIndex = 0; path = katydidIDTests.xctest; sourceTree = BUILT_PRODUCTS_DIR; };
		68AA24671FFBF10A0009B001 /* katydidIDTests.swift */ = {isa = PBXFileReference; lastKnownFileType = sourcecode.swift; path = katydidIDTests.swift; sourceTree = "<group>"; };
		68AA24691FFBF10A0009B001 /* Info.plist */ = {isa = PBXFileReference; lastKnownFileType = text.plist.xml; path = Info.plist; sourceTree = "<group>"; };
		68AA24721FFBF1950009B001 /* AttributeTableViewCell.swift */ = {isa = PBXFileReference; fileEncoding = 4; lastKnownFileType = sourcecode.swift; path = AttributeTableViewCell.swift; sourceTree = "<group>"; };
		68AA24741FFC01950009B001 /* AttributeTableViewController.swift */ = {isa = PBXFileReference; fileEncoding = 4; lastKnownFileType = sourcecode.swift; path = AttributeTableViewController.swift; sourceTree = "<group>"; };
		68AA24761FFC02540009B001 /* Attribute.swift */ = {isa = PBXFileReference; fileEncoding = 4; lastKnownFileType = sourcecode.swift; path = Attribute.swift; sourceTree = "<group>"; };
		68F394491FFC8002005675CE /* resultsViewController.swift */ = {isa = PBXFileReference; fileEncoding = 4; lastKnownFileType = sourcecode.swift; path = resultsViewController.swift; sourceTree = "<group>"; };
/* End PBXFileReference section */

/* Begin PBXFrameworksBuildPhase section */
		68AA244C1FFBF10A0009B001 /* Frameworks */ = {
			isa = PBXFrameworksBuildPhase;
			buildActionMask = 2147483647;
			files = (
			);
			runOnlyForDeploymentPostprocessing = 0;
		};
		68AA24601FFBF10A0009B001 /* Frameworks */ = {
			isa = PBXFrameworksBuildPhase;
			buildActionMask = 2147483647;
			files = (
			);
			runOnlyForDeploymentPostprocessing = 0;
		};
/* End PBXFrameworksBuildPhase section */

/* Begin PBXGroup section */
		68AA24461FFBF10A0009B001 = {
			isa = PBXGroup;
			children = (
				68AA24511FFBF10A0009B001 /* katydidID */,
				68AA24661FFBF10A0009B001 /* katydidIDTests */,
				68AA24501FFBF10A0009B001 /* Products */,
			);
			sourceTree = "<group>";
		};
		68AA24501FFBF10A0009B001 /* Products */ = {
			isa = PBXGroup;
			children = (
				68AA244F1FFBF10A0009B001 /* katydidID.app */,
				68AA24631FFBF10A0009B001 /* katydidIDTests.xctest */,
			);
			name = Products;
			sourceTree = "<group>";
		};
		68AA24511FFBF10A0009B001 /* katydidID */ = {
			isa = PBXGroup;
			children = (
				68AA24521FFBF10A0009B001 /* AppDelegate.swift */,
				68AA24741FFC01950009B001 /* AttributeTableViewController.swift */,
				68AA24761FFC02540009B001 /* Attribute.swift */,
				68AA24721FFBF1950009B001 /* AttributeTableViewCell.swift */,
				68AA24561FFBF10A0009B001 /* Main.storyboard */,
				68F394491FFC8002005675CE /* resultsViewController.swift */,
				68AA24591FFBF10A0009B001 /* Assets.xcassets */,
				68AA245B1FFBF10A0009B001 /* LaunchScreen.storyboard */,
				68AA245E1FFBF10A0009B001 /* Info.plist */,
			);
			path = katydidID;
			sourceTree = "<group>";
		};
		68AA24661FFBF10A0009B001 /* katydidIDTests */ = {
			isa = PBXGroup;
			children = (
				68AA24671FFBF10A0009B001 /* katydidIDTests.swift */,
				68AA24691FFBF10A0009B001 /* Info.plist */,
			);
			path = katydidIDTests;
			sourceTree = "<group>";
		};
/* End PBXGroup section */

/* Begin PBXNativeTarget section */
		68AA244E1FFBF10A0009B001 /* katydidID */ = {
			isa = PBXNativeTarget;
			buildConfigurationList = 68AA246C1FFBF10A0009B001 /* Build configuration list for PBXNativeTarget "katydidID" */;
			buildPhases = (
				68AA244B1FFBF10A0009B001 /* Sources */,
				68AA244C1FFBF10A0009B001 /* Frameworks */,
				68AA244D1FFBF10A0009B001 /* Resources */,
			);
			buildRules = (
			);
			dependencies = (
			);
			name = katydidID;
			productName = katydidID;
			productReference = 68AA244F1FFBF10A0009B001 /* katydidID.app */;
			productType = "com.apple.product-type.application";
		};
		68AA24621FFBF10A0009B001 /* katydidIDTests */ = {
			isa = PBXNativeTarget;
			buildConfigurationList = 68AA246F1FFBF10A0009B001 /* Build configuration list for PBXNativeTarget "katydidIDTests" */;
			buildPhases = (
				68AA245F1FFBF10A0009B001 /* Sources */,
				68AA24601FFBF10A0009B001 /* Frameworks */,
				68AA24611FFBF10A0009B001 /* Resources */,
			);
			buildRules = (
			);
			dependencies = (
				68AA24651FFBF10A0009B001 /* PBXTargetDependency */,
			);
			name = katydidIDTests;
			productName = katydidIDTests;
			productReference = 68AA24631FFBF10A0009B001 /* katydidIDTests.xctest */;
			productType = "com.apple.product-type.bundle.unit-test";
		};
/* End PBXNativeTarget section */

/* Begin PBXProject section */
		68AA24471FFBF10A0009B001 /* Project object */ = {
			isa = PBXProject;
			attributes = {
				LastSwiftUpdateCheck = 0830;
				LastUpgradeCheck = 0830;
				ORGANIZATIONNAME = "Caitlyn Lee";
				TargetAttributes = {
					68AA244E1FFBF10A0009B001 = {
						CreatedOnToolsVersion = 8.3.3;
						ProvisioningStyle = Automatic;
					};
					68AA24621FFBF10A0009B001 = {
						CreatedOnToolsVersion = 8.3.3;
						ProvisioningStyle = Automatic;
						TestTargetID = 68AA244E1FFBF10A0009B001;
					};
				};
			};
			buildConfigurationList = 68AA244A1FFBF10A0009B001 /* Build configuration list for PBXProject "katydidID" */;
			compatibilityVersion = "Xcode 3.2";
			developmentRegion = English;
			hasScannedForEncodings = 0;
			knownRegions = (
				en,
				Base,
			);
			mainGroup = 68AA24461FFBF10A0009B001;
			productRefGroup = 68AA24501FFBF10A0009B001 /* Products */;
			projectDirPath = "";
			projectRoot = "";
			targets = (
				68AA244E1FFBF10A0009B001 /* katydidID */,
				68AA24621FFBF10A0009B001 /* katydidIDTests */,
			);
		};
/* End PBXProject section */

/* Begin PBXResourcesBuildPhase section */
		68AA244D1FFBF10A0009B001 /* Resources */ = {
			isa = PBXResourcesBuildPhase;
			buildActionMask = 2147483647;
			files = (
				68AA245D1FFBF10A0009B001 /* LaunchScreen.storyboard in Resources */,
				68AA245A1FFBF10A0009B001 /* Assets.xcassets in Resources */,
				68AA24581FFBF10A0009B001 /* Main.storyboard in Resources */,
			);
			runOnlyForDeploymentPostprocessing = 0;
		};
		68AA24611FFBF10A0009B001 /* Resources */ = {
			isa = PBXResourcesBuildPhase;
			buildActionMask = 2147483647;
			files = (
			);
			runOnlyForDeploymentPostprocessing = 0;
		};
/* End PBXResourcesBuildPhase section */

/* Begin PBXSourcesBuildPhase section */
		68AA244B1FFBF10A0009B001 /* Sources */ = {
			isa = PBXSourcesBuildPhase;
			buildActionMask = 2147483647;
			files = (
				68F3944A1FFC8002005675CE /* resultsViewController.swift in Sources */,
				68AA24771FFC02550009B001 /* Attribute.swift in Sources */,
				68AA24751FFC01950009B001 /* AttributeTableViewController.swift in Sources */,
				68AA24531FFBF10A0009B001 /* AppDelegate.swift in Sources */,
				68AA24731FFBF1950009B001 /* AttributeTableViewCell.swift in Sources */,
			);
			runOnlyForDeploymentPostprocessing = 0;
		};
		68AA245F1FFBF10A0009B001 /* Sources */ = {
			isa = PBXSourcesBuildPhase;
			buildActionMask = 2147483647;
			files = (
				68AA24681FFBF10A0009B001 /* katydidIDTests.swift in Sources */,
			);
			runOnlyForDeploymentPostprocessing = 0;
		};
/* End PBXSourcesBuildPhase section */

/* Begin PBXTargetDependency section */
		68AA24651FFBF10A0009B001 /* PBXTargetDependency */ = {
			isa = PBXTargetDependency;
			target = 68AA244E1FFBF10A0009B001 /* katydidID */;
			targetProxy = 68AA24641FFBF10A0009B001 /* PBXContainerItemProxy */;
		};
/* End PBXTargetDependency section */

/* Begin PBXVariantGroup section */
		68AA24561FFBF10A0009B001 /* Main.storyboard */ = {
			isa = PBXVariantGroup;
			children = (
				68AA24571FFBF10A0009B001 /* Base */,
			);
			name = Main.storyboard;
			sourceTree = "<group>";
		};
		68AA245B1FFBF10A0009B001 /* LaunchScreen.storyboard */ = {
			isa = PBXVariantGroup;
			children = (
				68AA245C1FFBF10A0009B001 /* Base */,
			);
			name = LaunchScreen.storyboard;
			sourceTree = "<group>";
		};
/* End PBXVariantGroup section */

/* Begin XCBuildConfiguration section */
		68AA246A1FFBF10A0009B001 /* Debug */ = {
			isa = XCBuildConfiguration;
			buildSettings = {
				ALWAYS_SEARCH_USER_PATHS = NO;
				CLANG_ANALYZER_NONNULL = YES;
				CLANG_ANALYZER_NUMBER_OBJECT_CONVERSION = YES_AGGRESSIVE;
				CLANG_CXX_LANGUAGE_STANDARD = "gnu++0x";
				CLANG_CXX_LIBRARY = "libc++";
				CLANG_ENABLE_MODULES = YES;
				CLANG_ENABLE_OBJC_ARC = YES;
				CLANG_WARN_BOOL_CONVERSION = YES;
				CLANG_WARN_CONSTANT_CONVERSION = YES;
				CLANG_WARN_DIRECT_OBJC_ISA_USAGE = YES_ERROR;
				CLANG_WARN_DOCUMENTATION_COMMENTS = YES;
				CLANG_WARN_EMPTY_BODY = YES;
				CLANG_WARN_ENUM_CONVERSION = YES;
				CLANG_WARN_INFINITE_RECURSION = YES;
				CLANG_WARN_INT_CONVERSION = YES;
				CLANG_WARN_OBJC_ROOT_CLASS = YES_ERROR;
				CLANG_WARN_SUSPICIOUS_MOVE = YES;
				CLANG_WARN_UNREACHABLE_CODE = YES;
				CLANG_WARN__DUPLICATE_METHOD_MATCH = YES;
				"CODE_SIGN_IDENTITY[sdk=iphoneos*]" = "iPhone Developer";
				COPY_PHASE_STRIP = NO;
				DEBUG_INFORMATION_FORMAT = dwarf;
				ENABLE_STRICT_OBJC_MSGSEND = YES;
				ENABLE_TESTABILITY = YES;
				GCC_C_LANGUAGE_STANDARD = gnu99;
				GCC_DYNAMIC_NO_PIC = NO;
				GCC_NO_COMMON_BLOCKS = YES;
				GCC_OPTIMIZATION_LEVEL = 0;
				GCC_PREPROCESSOR_DEFINITIONS = (
					"DEBUG=1",
					"$(inherited)",
				);
				GCC_WARN_64_TO_32_BIT_CONVERSION = YES;
				GCC_WARN_ABOUT_RETURN_TYPE = YES_ERROR;
				GCC_WARN_UNDECLARED_SELECTOR = YES;
				GCC_WARN_UNINITIALIZED_AUTOS = YES_AGGRESSIVE;
				GCC_WARN_UNUSED_FUNCTION = YES;
				GCC_WARN_UNUSED_VARIABLE = YES;
				IPHONEOS_DEPLOYMENT_TARGET = 10.3;
				MTL_ENABLE_DEBUG_INFO = YES;
				ONLY_ACTIVE_ARCH = YES;
				SDKROOT = iphoneos;
				SWIFT_ACTIVE_COMPILATION_CONDITIONS = DEBUG;
				SWIFT_OPTIMIZATION_LEVEL = "-Onone";
				TARGETED_DEVICE_FAMILY = "1,2";
			};
			name = Debug;
		};
		68AA246B1FFBF10A0009B001 /* Release */ = {
			isa = XCBuildConfiguration;
			buildSettings = {
				ALWAYS_SEARCH_USER_PATHS = NO;
				CLANG_ANALYZER_NONNULL = YES;
				CLANG_ANALYZER_NUMBER_OBJECT_CONVERSION = YES_AGGRESSIVE;
				CLANG_CXX_LANGUAGE_STANDARD = "gnu++0x";
				CLANG_CXX_LIBRARY = "libc++";
				CLANG_ENABLE_MODULES = YES;
				CLANG_ENABLE_OBJC_ARC = YES;
				CLANG_WARN_BOOL_CONVERSION = YES;
				CLANG_WARN_CONSTANT_CONVERSION = YES;
				CLANG_WARN_DIRECT_OBJC_ISA_USAGE = YES_ERROR;
				CLANG_WARN_DOCUMENTATION_COMMENTS = YES;
				CLANG_WARN_EMPTY_BODY = YES;
				CLANG_WARN_ENUM_CONVERSION = YES;
				CLANG_WARN_INFINITE_RECURSION = YES;
				CLANG_WARN_INT_CONVERSION = YES;
				CLANG_WARN_OBJC_ROOT_CLASS = YES_ERROR;
				CLANG_WARN_SUSPICIOUS_MOVE = YES;
				CLANG_WARN_UNREACHABLE_CODE = YES;
				CLANG_WARN__DUPLICATE_METHOD_MATCH = YES;
				"CODE_SIGN_IDENTITY[sdk=iphoneos*]" = "iPhone Developer";
				COPY_PHASE_STRIP = NO;
				DEBUG_INFORMATION_FORMAT = "dwarf-with-dsym";
				ENABLE_NS_ASSERTIONS = NO;
				ENABLE_STRICT_OBJC_MSGSEND = YES;
				GCC_C_LANGUAGE_STANDARD = gnu99;
				GCC_NO_COMMON_BLOCKS = YES;
				GCC_WARN_64_TO_32_BIT_CONVERSION = YES;
				GCC_WARN_ABOUT_RETURN_TYPE = YES_ERROR;
				GCC_WARN_UNDECLARED_SELECTOR = YES;
				GCC_WARN_UNINITIALIZED_AUTOS = YES_AGGRESSIVE;
				GCC_WARN_UNUSED_FUNCTION = YES;
				GCC_WARN_UNUSED_VARIABLE = YES;
				IPHONEOS_DEPLOYMENT_TARGET = 10.3;
				MTL_ENABLE_DEBUG_INFO = NO;
				SDKROOT = iphoneos;
				SWIFT_OPTIMIZATION_LEVEL = "-Owholemodule";
				TARGETED_DEVICE_FAMILY = "1,2";
				VALIDATE_PRODUCT = YES;
			};
			name = Release;
		};
		68AA246D1FFBF10A0009B001 /* Debug */ = {
			isa = XCBuildConfiguration;
			buildSettings = {
				ASSETCATALOG_COMPILER_APPICON_NAME = AppIcon;
				INFOPLIST_FILE = katydidID/Info.plist;
				LD_RUNPATH_SEARCH_PATHS = "$(inherited) @executable_path/Frameworks";
				PRODUCT_BUNDLE_IDENTIFIER = com.example.katydidID;
				PRODUCT_NAME = "$(TARGET_NAME)";
				SWIFT_VERSION = 3.0;
			};
			name = Debug;
		};
		68AA246E1FFBF10A0009B001 /* Release */ = {
			isa = XCBuildConfiguration;
			buildSettings = {
				ASSETCATALOG_COMPILER_APPICON_NAME = AppIcon;
				INFOPLIST_FILE = katydidID/Info.plist;
				LD_RUNPATH_SEARCH_PATHS = "$(inherited) @executable_path/Frameworks";
				PRODUCT_BUNDLE_IDENTIFIER = com.example.katydidID;
				PRODUCT_NAME = "$(TARGET_NAME)";
				SWIFT_VERSION = 3.0;
			};
			name = Release;
		};
		68AA24701FFBF10A0009B001 /* Debug */ = {
			isa = XCBuildConfiguration;
			buildSettings = {
				ALWAYS_EMBED_SWIFT_STANDARD_LIBRARIES = YES;
				BUNDLE_LOADER = "$(TEST_HOST)";
				INFOPLIST_FILE = katydidIDTests/Info.plist;
				LD_RUNPATH_SEARCH_PATHS = "$(inherited) @executable_path/Frameworks @loader_path/Frameworks";
				PRODUCT_BUNDLE_IDENTIFIER = com.example.katydidIDTests;
				PRODUCT_NAME = "$(TARGET_NAME)";
				SWIFT_VERSION = 3.0;
				TEST_HOST = "$(BUILT_PRODUCTS_DIR)/katydidID.app/katydidID";
			};
			name = Debug;
		};
		68AA24711FFBF10A0009B001 /* Release */ = {
			isa = XCBuildConfiguration;
			buildSettings = {
				ALWAYS_EMBED_SWIFT_STANDARD_LIBRARIES = YES;
				BUNDLE_LOADER = "$(TEST_HOST)";
				INFOPLIST_FILE = katydidIDTests/Info.plist;
				LD_RUNPATH_SEARCH_PATHS = "$(inherited) @executable_path/Frameworks @loader_path/Frameworks";
				PRODUCT_BUNDLE_IDENTIFIER = com.example.katydidIDTests;
				PRODUCT_NAME = "$(TARGET_NAME)";
				SWIFT_VERSION = 3.0;
				TEST_HOST = "$(BUILT_PRODUCTS_DIR)/katydidID.app/katydidID";
			};
			name = Release;
		};
/* End XCBuildConfiguration section */

/* Begin XCConfigurationList section */
		68AA244A1FFBF10A0009B001 /* Build configuration list for PBXProject "katydidID" */ = {
			isa = XCConfigurationList;
			buildConfigurations = (
				68AA246A1FFBF10A0009B001 /* Debug */,
				68AA246B1FFBF10A0009B001 /* Release */,
			);
			defaultConfigurationIsVisible = 0;
			defaultConfigurationName = Release;
		};
		68AA246C1FFBF10A0009B001 /* Build configuration list for PBXNativeTarget "katydidID" */ = {
			isa = XCConfigurationList;
			buildConfigurations = (
				68AA246D1FFBF10A0009B001 /* Debug */,
				68AA246E1FFBF10A0009B001 /* Release */,
			);
			defaultConfigurationIsVisible = 0;
			defaultConfigurationName = Release;
		};
		68AA246F1FFBF10A0009B001 /* Build configuration list for PBXNativeTarget "katydidIDTests" */ = {
			isa = XCConfigurationList;
			buildConfigurations = (
				68AA24701FFBF10A0009B001 /* Debug */,
				68AA24711FFBF10A0009B001 /* Release */,
			);
			defaultConfigurationIsVisible = 0;
			defaultConfigurationName = Release;
		};
/* End XCConfigurationList section */
	};
	rootObject = 68AA24471FFBF10A0009B001 /* Project object */;
}
